
Microsoft Visual Studio Solution File, Format Version 12.00
# Visual Studio 15
VisualStudioVersion = 15.0.28307.572
MinimumVisualStudioVersion = 10.0.40219.1
Project("{FAE04EC0-301F-11D3-BF4B-00C04F79EFBC}") = "SchedulerWPF", "SchedulerWPF\SchedulerWPF.csproj", "{80E108DF-A8E5-4C93-9497-D1E2A074E445}"
EndProject
Global
	GlobalSection(SolutionConfigurationPlatforms) = preSolution
		Debug|Any CPU = Debug|Any CPU
		Release|Any CPU = Release|Any CPU
	EndGlobalSection
	GlobalSection(ProjectConfigurationPlatforms) = postSolution
		{80E108DF-A8E5-4C93-9497-D1E2A074E445}.Debug|Any CPU.ActiveCfg = Debug|Any CPU
		{80E108DF-A8E5-4C93-9497-D1E2A074E445}.Debug|Any CPU.Build.0 = Debug|Any CPU
		{80E108DF-A8E5-4C93-9497-D1E2A074E445}.Release|Any CPU.ActiveCfg = Release|Any CPU
		{80E108DF-A8E5-4C93-9497-D1E2A074E445}.Release|Any CPU.Build.0 = Release|Any CPU
	EndGlobalSection
	GlobalSection(SolutionProperties) = preSolution
		HideSolutionNode = FALSE
	EndGlobalSection
	GlobalSection(ExtensibilityGlobals) = postSolution
		SolutionGuid = {0AFC8C8E-6617-4482-A0D8-E2D5D48B4657}
	EndGlobalSection
EndGlobal
